
Microsoft Visual Studio Solution File, Format Version 12.00
# Visual Studio Version 17
VisualStudioVersion = 17.3.32929.385
MinimumVisualStudioVersion = 10.0.40219.1
Project("{9A19103F-16F7-4668-BE54-9A1E7A4F7556}") = "RubikBook", "RubikBook\RubikBook.csproj", "{6DFD8F47-5EA1-41BF-A523-375161F756D7}"
EndProject
Project("{FAE04EC0-301F-11D3-BF4B-00C04F79EFBC}") = "RubikBook.Core", "RubikBook.Core\RubikBook.Core.csproj", "{554A5A62-B67E-42DF-B578-D42947242ED7}"
EndProject
Project("{FAE04EC0-301F-11D3-BF4B-00C04F79EFBC}") = "RubikBook.Database", "RubikBook.Database\RubikBook.Database.csproj", "{AEF4AC91-3D68-40CB-B0C3-D5ED7A782F89}"
EndProject
Global
	GlobalSection(SolutionConfigurationPlatforms) = preSolution
		Debug|Any CPU = Debug|Any CPU
		Release|Any CPU = Release|Any CPU
	EndGlobalSection
	GlobalSection(ProjectConfigurationPlatforms) = postSolution
		{6DFD8F47-5EA1-41BF-A523-375161F756D7}.Debug|Any CPU.ActiveCfg = Debug|Any CPU
		{6DFD8F47-5EA1-41BF-A523-375161F756D7}.Debug|Any CPU.Build.0 = Debug|Any CPU
		{6DFD8F47-5EA1-41BF-A523-375161F756D7}.Release|Any CPU.ActiveCfg = Release|Any CPU
		{6DFD8F47-5EA1-41BF-A523-375161F756D7}.Release|Any CPU.Build.0 = Release|Any CPU
		{554A5A62-B67E-42DF-B578-D42947242ED7}.Debug|Any CPU.ActiveCfg = Debug|Any CPU
		{554A5A62-B67E-42DF-B578-D42947242ED7}.Debug|Any CPU.Build.0 = Debug|Any CPU
		{554A5A62-B67E-42DF-B578-D42947242ED7}.Release|Any CPU.ActiveCfg = Release|Any CPU
		{554A5A62-B67E-42DF-B578-D42947242ED7}.Release|Any CPU.Build.0 = Release|Any CPU
		{AEF4AC91-3D68-40CB-B0C3-D5ED7A782F89}.Debug|Any CPU.ActiveCfg = Debug|Any CPU
		{AEF4AC91-3D68-40CB-B0C3-D5ED7A782F89}.Debug|Any CPU.Build.0 = Debug|Any CPU
		{AEF4AC91-3D68-40CB-B0C3-D5ED7A782F89}.Release|Any CPU.ActiveCfg = Release|Any CPU
		{AEF4AC91-3D68-40CB-B0C3-D5ED7A782F89}.Release|Any CPU.Build.0 = Release|Any CPU
	EndGlobalSection
	GlobalSection(SolutionProperties) = preSolution
		HideSolutionNode = FALSE
	EndGlobalSection
	GlobalSection(ExtensibilityGlobals) = postSolution
		SolutionGuid = {59CD0CA8-CCF5-4B27-B45A-E76D13BBFC41}
	EndGlobalSection
EndGlobal
